
Microsoft Visual Studio Solution File, Format Version 12.00
# Visual Studio Version 16
VisualStudioVersion = 16.0.29306.81
MinimumVisualStudioVersion = 10.0.40219.1
Project("{9A19103F-16F7-4668-BE54-9A1E7A4F7556}") = "SoftwareUsingSDK", "SoftwareUsingSDK.csproj", "{21A3F780-D156-4CCF-B11D-E60C32A8844B}"
EndProject
Project("{FAE04EC0-301F-11D3-BF4B-00C04F79EFBC}") = "SoftwareUsingSDKnet40", "..\SoftwareUsingSDKnet40\SoftwareUsingSDKnet40.csproj", "{CB34EF17-BF12-41B9-8A6A-990F9F554947}"
EndProject
Project("{FAE04EC0-301F-11D3-BF4B-00C04F79EFBC}") = "LibraryUsing SDK", "..\LibraryUsing SDK\LibraryUsing SDK.csproj", "{AA56C989-4362-4D26-A3A3-13763A0E7216}"
EndProject
Global
	GlobalSection(SolutionConfigurationPlatforms) = preSolution
		Debug|Any CPU = Debug|Any CPU
		Release|Any CPU = Release|Any CPU
	EndGlobalSection
	GlobalSection(ProjectConfigurationPlatforms) = postSolution
		{21A3F780-D156-4CCF-B11D-E60C32A8844B}.Debug|Any CPU.ActiveCfg = Debug|Any CPU
		{21A3F780-D156-4CCF-B11D-E60C32A8844B}.Debug|Any CPU.Build.0 = Debug|Any CPU
		{21A3F780-D156-4CCF-B11D-E60C32A8844B}.Release|Any CPU.ActiveCfg = Release|Any CPU
		{21A3F780-D156-4CCF-B11D-E60C32A8844B}.Release|Any CPU.Build.0 = Release|Any CPU
		{CB34EF17-BF12-41B9-8A6A-990F9F554947}.Debug|Any CPU.ActiveCfg = Debug|Any CPU
		{CB34EF17-BF12-41B9-8A6A-990F9F554947}.Debug|Any CPU.Build.0 = Debug|Any CPU
		{CB34EF17-BF12-41B9-8A6A-990F9F554947}.Release|Any CPU.ActiveCfg = Release|Any CPU
		{CB34EF17-BF12-41B9-8A6A-990F9F554947}.Release|Any CPU.Build.0 = Release|Any CPU
		{AA56C989-4362-4D26-A3A3-13763A0E7216}.Debug|Any CPU.ActiveCfg = Debug|Any CPU
		{AA56C989-4362-4D26-A3A3-13763A0E7216}.Debug|Any CPU.Build.0 = Debug|Any CPU
		{AA56C989-4362-4D26-A3A3-13763A0E7216}.Release|Any CPU.ActiveCfg = Release|Any CPU
		{AA56C989-4362-4D26-A3A3-13763A0E7216}.Release|Any CPU.Build.0 = Release|Any CPU
	EndGlobalSection
	GlobalSection(SolutionProperties) = preSolution
		HideSolutionNode = FALSE
	EndGlobalSection
	GlobalSection(ExtensibilityGlobals) = postSolution
		SolutionGuid = {84C83500-A65C-4C02-A40C-7D4BFCB88607}
	EndGlobalSection
EndGlobal
