
Microsoft Visual Studio Solution File, Format Version 12.00
# Visual Studio Version 16
VisualStudioVersion = 16.0.29306.81
MinimumVisualStudioVersion = 10.0.40219.1
Project("{FAE04EC0-301F-11D3-BF4B-00C04F79EFBC}") = "SDKExample", "SDKExample.csproj", "{18634B15-90A6-4D06-BCA5-067E75BDF982}"
EndProject
Project("{FAE04EC0-301F-11D3-BF4B-00C04F79EFBC}") = "SoftwareUsingSDK", "..\SoftwareUsingSDK\SoftwareUsingSDK.csproj", "{4FB589F3-4550-4346-9F3B-3441EB62AAD4}"
EndProject
Global
	GlobalSection(SolutionConfigurationPlatforms) = preSolution
		Debug|Any CPU = Debug|Any CPU
		Release|Any CPU = Release|Any CPU
	EndGlobalSection
	GlobalSection(ProjectConfigurationPlatforms) = postSolution
		{18634B15-90A6-4D06-BCA5-067E75BDF982}.Debug|Any CPU.ActiveCfg = Debug|Any CPU
		{18634B15-90A6-4D06-BCA5-067E75BDF982}.Debug|Any CPU.Build.0 = Debug|Any CPU
		{18634B15-90A6-4D06-BCA5-067E75BDF982}.Release|Any CPU.ActiveCfg = Release|Any CPU
		{18634B15-90A6-4D06-BCA5-067E75BDF982}.Release|Any CPU.Build.0 = Release|Any CPU
		{4FB589F3-4550-4346-9F3B-3441EB62AAD4}.Debug|Any CPU.ActiveCfg = Debug|Any CPU
		{4FB589F3-4550-4346-9F3B-3441EB62AAD4}.Debug|Any CPU.Build.0 = Debug|Any CPU
		{4FB589F3-4550-4346-9F3B-3441EB62AAD4}.Release|Any CPU.ActiveCfg = Release|Any CPU
		{4FB589F3-4550-4346-9F3B-3441EB62AAD4}.Release|Any CPU.Build.0 = Release|Any CPU
	EndGlobalSection
	GlobalSection(SolutionProperties) = preSolution
		HideSolutionNode = FALSE
	EndGlobalSection
	GlobalSection(ExtensibilityGlobals) = postSolution
		SolutionGuid = {17E835D1-3133-4212-9621-0045CDFEEF4E}
	EndGlobalSection
EndGlobal
