
Microsoft Visual Studio Solution File, Format Version 12.00
# Visual Studio Version 16
VisualStudioVersion = 16.0.29306.81
MinimumVisualStudioVersion = 10.0.40219.1
Project("{9A19103F-16F7-4668-BE54-9A1E7A4F7556}") = "SDK", "SDK.csproj", "{A1669846-DCAB-4E65-88FA-C6F6E44601A1}"
EndProject
Project("{FAE04EC0-301F-11D3-BF4B-00C04F79EFBC}") = "SDK_net40", "..\SDK_net40\SDK_net40.csproj", "{632E7307-BA5C-4DF1-B00E-54F40A72CFBB}"
EndProject
Project("{FAE04EC0-301F-11D3-BF4B-00C04F79EFBC}") = "SDK_netcore", "..\SDK_netcore\SDK_netcore.csproj", "{5CDCFC07-BDF9-4371-B1ED-6104BB3813B9}"
EndProject
Global
	GlobalSection(SolutionConfigurationPlatforms) = preSolution
		Debug|Any CPU = Debug|Any CPU
		Release|Any CPU = Release|Any CPU
	EndGlobalSection
	GlobalSection(ProjectConfigurationPlatforms) = postSolution
		{A1669846-DCAB-4E65-88FA-C6F6E44601A1}.Debug|Any CPU.ActiveCfg = Debug|Any CPU
		{A1669846-DCAB-4E65-88FA-C6F6E44601A1}.Debug|Any CPU.Build.0 = Debug|Any CPU
		{A1669846-DCAB-4E65-88FA-C6F6E44601A1}.Release|Any CPU.ActiveCfg = Release|Any CPU
		{A1669846-DCAB-4E65-88FA-C6F6E44601A1}.Release|Any CPU.Build.0 = Release|Any CPU
		{632E7307-BA5C-4DF1-B00E-54F40A72CFBB}.Debug|Any CPU.ActiveCfg = Debug|Any CPU
		{632E7307-BA5C-4DF1-B00E-54F40A72CFBB}.Debug|Any CPU.Build.0 = Debug|Any CPU
		{632E7307-BA5C-4DF1-B00E-54F40A72CFBB}.Release|Any CPU.ActiveCfg = Release|Any CPU
		{632E7307-BA5C-4DF1-B00E-54F40A72CFBB}.Release|Any CPU.Build.0 = Release|Any CPU
		{5CDCFC07-BDF9-4371-B1ED-6104BB3813B9}.Debug|Any CPU.ActiveCfg = Debug|Any CPU
		{5CDCFC07-BDF9-4371-B1ED-6104BB3813B9}.Debug|Any CPU.Build.0 = Debug|Any CPU
		{5CDCFC07-BDF9-4371-B1ED-6104BB3813B9}.Release|Any CPU.ActiveCfg = Release|Any CPU
		{5CDCFC07-BDF9-4371-B1ED-6104BB3813B9}.Release|Any CPU.Build.0 = Release|Any CPU
	EndGlobalSection
	GlobalSection(SolutionProperties) = preSolution
		HideSolutionNode = FALSE
	EndGlobalSection
	GlobalSection(ExtensibilityGlobals) = postSolution
		SolutionGuid = {C55977AC-EB80-49EC-B796-84FDF728F3A9}
	EndGlobalSection
EndGlobal
